
Microsoft Visual Studio Solution File, Format Version 12.00
# Visual Studio Version 16
VisualStudioVersion = 16.0.30225.117
MinimumVisualStudioVersion = 10.0.40219.1
Project("{FAE04EC0-301F-11D3-BF4B-00C04F79EFBC}") = "Prueba", "Prueba\Prueba.csproj", "{ACA27D88-BBE6-4CCC-996C-C8F5989D2C59}"
EndProject
Global
	GlobalSection(SolutionConfigurationPlatforms) = preSolution
		Debug|Any CPU = Debug|Any CPU
		Release|Any CPU = Release|Any CPU
	EndGlobalSection
	GlobalSection(ProjectConfigurationPlatforms) = postSolution
		{ACA27D88-BBE6-4CCC-996C-C8F5989D2C59}.Debug|Any CPU.ActiveCfg = Debug|Any CPU
		{ACA27D88-BBE6-4CCC-996C-C8F5989D2C59}.Debug|Any CPU.Build.0 = Debug|Any CPU
		{ACA27D88-BBE6-4CCC-996C-C8F5989D2C59}.Release|Any CPU.ActiveCfg = Release|Any CPU
		{ACA27D88-BBE6-4CCC-996C-C8F5989D2C59}.Release|Any CPU.Build.0 = Release|Any CPU
	EndGlobalSection
	GlobalSection(SolutionProperties) = preSolution
		HideSolutionNode = FALSE
	EndGlobalSection
	GlobalSection(ExtensibilityGlobals) = postSolution
		SolutionGuid = {478B1CC4-93BE-411E-827A-452B596011A8}
	EndGlobalSection
EndGlobal
